<?xml version="1.0" encoding="utf-8"?>
<Project ToolsVersion="4.0" xmlns="http://schemas.microsoft.com/developer/msbuild/2003">
  <ItemGroup>
    <Filter Include="Source Files">
      <UniqueIdentifier>{4FC737F1-C7A5-4376-A066-2A32D752A2FF}</UniqueIdentifier>
      <Extensions>cpp;c;cc;cxx;def;odl;idl;hpj;bat;asm;asmx</Extensions>
    </Filter>
    <Filter Include="Header Files">
      <UniqueIdentifier>{93995380-89BD-4b04-88EB-625FBE52EBFB}</UniqueIdentifier>
      <Extensions>h;hh;hpp;hxx;hm;inl;inc;xsd</Extensions>
    </Filter>
    <Filter Include="Resource Files">
      <UniqueIdentifier>{67DA6AB6-F800-4c08-8B7A-83BB121AAD01}</UniqueIdentifier>
      <Extensions>rc;ico;cur;bmp;dlg;rc2;rct;bin;rgs;gif;jpg;jpeg;jpe;resx;tiff;tif;png;wav;mfcribbon-ms</Extensions>
    </Filter>
  </ItemGroup>
  <ItemGroup>
    <ClCompile Include="MotorController.cpp">
      <Filter>Source Files</Filter>
    </ClCompile>
    <ClCompile Include="WashingMachineController.cpp">
      <Filter>Source Files</Filter>
    </ClCompile>
    <ClCompile Include="WaterController.cpp">
      <Filter>Source Files</Filter>
    </ClCompile>
    <ClCompile Include="Motor.cpp">
      <Filter>Source Files</Filter>
    </ClCompile>
    <ClCompile Include="main.cpp">
      <Filter>Source Files</Filter>
    </ClCompile>
    <ClCompile Include="UART.cpp">
      <Filter>Source Files</Filter>
    </ClCompile>
    <ClCompile Include="Heater.cpp">
      <Filter>Source Files</Filter>
    </ClCompile>
    <ClCompile Include="TempSensor.cpp">
      <Filter>Source Files</Filter>
    </ClCompile>
    <ClCompile Include="Pump.cpp">
      <Filter>Source Files</Filter>
    </ClCompile>
    <ClCompile Include="WaterSensor.cpp">
      <Filter>Source Files</Filter>
    </ClCompile>
    <ClCompile Include="Valve.cpp">
      <Filter>Source Files</Filter>
    </ClCompile>
    <ClCompile Include="libserial.cpp">
      <Filter>Source Files</Filter>
    </ClCompile>
    <ClCompile Include="pRTOS.cpp">
      <Filter>Source Files</Filter>
    </ClCompile>
    <ClCompile Include="TempController.cpp">
      <Filter>Source Files</Filter>
    </ClCompile>
  </ItemGroup>
  <ItemGroup>
    <ClInclude Include="MotorController.h">
      <Filter>Header Files</Filter>
    </ClInclude>
    <ClInclude Include="WashingMachineController.h">
      <Filter>Header Files</Filter>
    </ClInclude>
    <ClInclude Include="WaterController.h">
      <Filter>Header Files</Filter>
    </ClInclude>
    <ClInclude Include="Motor.h">
      <Filter>Header Files</Filter>
    </ClInclude>
    <ClInclude Include="UART.h">
      <Filter>Header Files</Filter>
    </ClInclude>
    <ClInclude Include="Heater.h">
      <Filter>Header Files</Filter>
    </ClInclude>
    <ClInclude Include="TempSensor.h">
      <Filter>Header Files</Filter>
    </ClInclude>
    <ClInclude Include="Pump.h">
      <Filter>Header Files</Filter>
    </ClInclude>
    <ClInclude Include="WaterSensor.h">
      <Filter>Header Files</Filter>
    </ClInclude>
    <ClInclude Include="Valve.h">
      <Filter>Header Files</Filter>
    </ClInclude>
    <ClInclude Include="libserial.h">
      <Filter>Header Files</Filter>
    </ClInclude>
    <ClInclude Include="pRTOS.h">
      <Filter>Header Files</Filter>
    </ClInclude>
    <ClInclude Include="TempController.h">
      <Filter>Header Files</Filter>
    </ClInclude>
    <ClInclude Include="Protocol.h">
      <Filter>Header Files</Filter>
    </ClInclude>
  </ItemGroup>
</Project>